// !$*UTF8*$!
{
	archiveVersion = 1;
	classes = {
	};
	objectVersion = 56;
	objects = {

/* Begin PBXBuildFile section */
		E7AD8F442A249278005BF00E /* AppDelegate.swift in Sources */ = {isa = PBXBuildFile; fileRef = E7AD8F432A249278005BF00E /* AppDelegate.swift */; };
		E7AD8F462A249278005BF00E /* SceneDelegate.swift in Sources */ = {isa = PBXBuildFile; fileRef = E7AD8F452A249278005BF00E /* SceneDelegate.swift */; };
		E7AD8F482A249278005BF00E /* MainPageViewController.swift in Sources */ = {isa = PBXBuildFile; fileRef = E7AD8F472A249278005BF00E /* MainPageViewController.swift */; };
		E7AD8F4D2A24927A005BF00E /* Assets.xcassets in Resources */ = {isa = PBXBuildFile; fileRef = E7AD8F4C2A24927A005BF00E /* Assets.xcassets */; };
		E7AD8F502A24927A005BF00E /* LaunchScreen.storyboard in Resources */ = {isa = PBXBuildFile; fileRef = E7AD8F4E2A24927A005BF00E /* LaunchScreen.storyboard */; };
		E7AD8F582A2492A6005BF00E /* Rockets.swift in Sources */ = {isa = PBXBuildFile; fileRef = E7AD8F572A2492A6005BF00E /* Rockets.swift */; };
		E7AD8F5B2A249315005BF00E /* APICaller.swift in Sources */ = {isa = PBXBuildFile; fileRef = E7AD8F5A2A249315005BF00E /* APICaller.swift */; };
		E7AD8F5D2A24B437005BF00E /* Launches.swift in Sources */ = {isa = PBXBuildFile; fileRef = E7AD8F5C2A24B437005BF00E /* Launches.swift */; };
/* End PBXBuildFile section */

/* Begin PBXFileReference section */
		E7AD8F402A249278005BF00E /* SpaceXObserver.app */ = {isa = PBXFileReference; explicitFileType = wrapper.application; includeInIndex = 0; path = SpaceXObserver.app; sourceTree = BUILT_PRODUCTS_DIR; };
		E7AD8F432A249278005BF00E /* AppDelegate.swift */ = {isa = PBXFileReference; lastKnownFileType = sourcecode.swift; path = AppDelegate.swift; sourceTree = "<group>"; };
		E7AD8F452A249278005BF00E /* SceneDelegate.swift */ = {isa = PBXFileReference; lastKnownFileType = sourcecode.swift; path = SceneDelegate.swift; sourceTree = "<group>"; };
		E7AD8F472A249278005BF00E /* MainPageViewController.swift */ = {isa = PBXFileReference; lastKnownFileType = sourcecode.swift; path = MainPageViewController.swift; sourceTree = "<group>"; };
		E7AD8F4C2A24927A005BF00E /* Assets.xcassets */ = {isa = PBXFileReference; lastKnownFileType = folder.assetcatalog; path = Assets.xcassets; sourceTree = "<group>"; };
		E7AD8F4F2A24927A005BF00E /* Base */ = {isa = PBXFileReference; lastKnownFileType = file.storyboard; name = Base; path = Base.lproj/LaunchScreen.storyboard; sourceTree = "<group>"; };
		E7AD8F512A24927A005BF00E /* Info.plist */ = {isa = PBXFileReference; lastKnownFileType = text.plist.xml; path = Info.plist; sourceTree = "<group>"; };
		E7AD8F572A2492A6005BF00E /* Rockets.swift */ = {isa = PBXFileReference; lastKnownFileType = sourcecode.swift; path = Rockets.swift; sourceTree = "<group>"; };
		E7AD8F5A2A249315005BF00E /* APICaller.swift */ = {isa = PBXFileReference; lastKnownFileType = sourcecode.swift; path = APICaller.swift; sourceTree = "<group>"; };
		E7AD8F5C2A24B437005BF00E /* Launches.swift */ = {isa = PBXFileReference; lastKnownFileType = sourcecode.swift; path = Launches.swift; sourceTree = "<group>"; };
/* End PBXFileReference section */

/* Begin PBXFrameworksBuildPhase section */
		E7AD8F3D2A249278005BF00E /* Frameworks */ = {
			isa = PBXFrameworksBuildPhase;
			buildActionMask = 2147483647;
			files = (
			);
			runOnlyForDeploymentPostprocessing = 0;
		};
/* End PBXFrameworksBuildPhase section */

/* Begin PBXGroup section */
		E74566EB2A29EAAB0048B9D3 /* Application */ = {
			isa = PBXGroup;
			children = (
				E7AD8F432A249278005BF00E /* AppDelegate.swift */,
				E7AD8F452A249278005BF00E /* SceneDelegate.swift */,
			);
			path = Application;
			sourceTree = "<group>";
		};
		E74566EC2A29EB0D0048B9D3 /* SupportingFiles */ = {
			isa = PBXGroup;
			children = (
				E7AD8F4E2A24927A005BF00E /* LaunchScreen.storyboard */,
				E7AD8F512A24927A005BF00E /* Info.plist */,
			);
			path = SupportingFiles;
			sourceTree = "<group>";
		};
		E74566ED2A2A56520048B9D3 /* Views */ = {
			isa = PBXGroup;
			children = (
			);
			path = Views;
			sourceTree = "<group>";
		};
		E7AD8F372A249278005BF00E = {
			isa = PBXGroup;
			children = (
				E7AD8F422A249278005BF00E /* SpaceXObserver */,
				E7AD8F412A249278005BF00E /* Products */,
			);
			sourceTree = "<group>";
		};
		E7AD8F412A249278005BF00E /* Products */ = {
			isa = PBXGroup;
			children = (
				E7AD8F402A249278005BF00E /* SpaceXObserver.app */,
			);
			name = Products;
			sourceTree = "<group>";
		};
		E7AD8F422A249278005BF00E /* SpaceXObserver */ = {
			isa = PBXGroup;
			children = (
				E74566EB2A29EAAB0048B9D3 /* Application */,
				E7B813CC2A274021004C9920 /* Managers */,
				E7B813C82A27400E004C9920 /* Models */,
				E74566ED2A2A56520048B9D3 /* Views */,
				E7B813CA2A274017004C9920 /* Controllers */,
				E7B813CB2A27401C004C9920 /* Resources */,
				E74566EC2A29EB0D0048B9D3 /* SupportingFiles */,
			);
			path = SpaceXObserver;
			sourceTree = "<group>";
		};
		E7B813C82A27400E004C9920 /* Models */ = {
			isa = PBXGroup;
			children = (
				E7AD8F572A2492A6005BF00E /* Rockets.swift */,
				E7AD8F5C2A24B437005BF00E /* Launches.swift */,
			);
			path = Models;
			sourceTree = "<group>";
		};
		E7B813CA2A274017004C9920 /* Controllers */ = {
			isa = PBXGroup;
			children = (
				E7AD8F472A249278005BF00E /* MainPageViewController.swift */,
			);
			path = Controllers;
			sourceTree = "<group>";
		};
		E7B813CB2A27401C004C9920 /* Resources */ = {
			isa = PBXGroup;
			children = (
				E7AD8F4C2A24927A005BF00E /* Assets.xcassets */,
			);
			path = Resources;
			sourceTree = "<group>";
		};
		E7B813CC2A274021004C9920 /* Managers */ = {
			isa = PBXGroup;
			children = (
				E7AD8F5A2A249315005BF00E /* APICaller.swift */,
			);
			path = Managers;
			sourceTree = "<group>";
		};
/* End PBXGroup section */

/* Begin PBXNativeTarget section */
		E7AD8F3F2A249278005BF00E /* SpaceXObserver */ = {
			isa = PBXNativeTarget;
			buildConfigurationList = E7AD8F542A24927A005BF00E /* Build configuration list for PBXNativeTarget "SpaceXObserver" */;
			buildPhases = (
				E7AD8F3C2A249278005BF00E /* Sources */,
				E7AD8F3D2A249278005BF00E /* Frameworks */,
				E7AD8F3E2A249278005BF00E /* Resources */,
				E7187CC12A27291100F333AD /* ShellScript */,
			);
			buildRules = (
			);
			dependencies = (
			);
			name = SpaceXObserver;
			productName = SpaceXObserver;
			productReference = E7AD8F402A249278005BF00E /* SpaceXObserver.app */;
			productType = "com.apple.product-type.application";
		};
/* End PBXNativeTarget section */

/* Begin PBXProject section */
		E7AD8F382A249278005BF00E /* Project object */ = {
			isa = PBXProject;
			attributes = {
				BuildIndependentTargetsInParallel = 1;
				LastSwiftUpdateCheck = 1430;
				LastUpgradeCheck = 1430;
				TargetAttributes = {
					E7AD8F3F2A249278005BF00E = {
						CreatedOnToolsVersion = 14.3;
					};
				};
			};
			buildConfigurationList = E7AD8F3B2A249278005BF00E /* Build configuration list for PBXProject "SpaceXObserver" */;
			compatibilityVersion = "Xcode 14.0";
			developmentRegion = en;
			hasScannedForEncodings = 0;
			knownRegions = (
				en,
				Base,
			);
			mainGroup = E7AD8F372A249278005BF00E;
			productRefGroup = E7AD8F412A249278005BF00E /* Products */;
			projectDirPath = "";
			projectRoot = "";
			targets = (
				E7AD8F3F2A249278005BF00E /* SpaceXObserver */,
			);
		};
/* End PBXProject section */

/* Begin PBXResourcesBuildPhase section */
		E7AD8F3E2A249278005BF00E /* Resources */ = {
			isa = PBXResourcesBuildPhase;
			buildActionMask = 2147483647;
			files = (
				E7AD8F502A24927A005BF00E /* LaunchScreen.storyboard in Resources */,
				E7AD8F4D2A24927A005BF00E /* Assets.xcassets in Resources */,
			);
			runOnlyForDeploymentPostprocessing = 0;
		};
/* End PBXResourcesBuildPhase section */

/* Begin PBXShellScriptBuildPhase section */
		E7187CC12A27291100F333AD /* ShellScript */ = {
			isa = PBXShellScriptBuildPhase;
			buildActionMask = 2147483647;
			files = (
			);
			inputFileListPaths = (
			);
			inputPaths = (
			);
			outputFileListPaths = (
			);
			outputPaths = (
				"$(SRCROOT)/.swiftlint.yml",
			);
			runOnlyForDeploymentPostprocessing = 0;
			shellPath = /bin/sh;
			shellScript = "SWIFT_LINT=/usr/local/bin/swiftlint\n\nif [[ -e \"${SWIFT_LINT}\" ]]; then\n    echo \"[I] Found SwiftLint at ${SWIFT_LINT}\"\nelse\n    echo \"[!] Local SwiftLint not found at ${SWIFT_LINT}\"\n    export SWIFT_LINT=${PWD}/Pods/SwiftLint/swiftlint\n    echo \"[I] Try to using SwiftLint from cocoapods at ${SWIFT_LINT}\"\nfi\n\nif [[ ! -e \"${SWIFT_LINT}\" ]]; then\n    echo \"[!] SwifLint is not installed.\"\n    echo \"[!] Expected location is '${SWIFT_LINT}'\"\n    echo \"[!] Please install it. eg. 'brew install swiftlint'\"\n    exit 1\nfi\n\necho \"[I] SwiftLint version: $(${SWIFT_LINT} version)\"\n\ngit ls-files --other --modified --exclude-standard -- \"*.swift\" | while read filename; do\n    $SWIFT_LINT lint \"$filename\";\n    $SWIFT_LINT autocorrect \"$filename\";\ndone\n";
		};
/* End PBXShellScriptBuildPhase section */

/* Begin PBXSourcesBuildPhase section */
		E7AD8F3C2A249278005BF00E /* Sources */ = {
			isa = PBXSourcesBuildPhase;
			buildActionMask = 2147483647;
			files = (
				E7AD8F482A249278005BF00E /* MainPageViewController.swift in Sources */,
				E7AD8F582A2492A6005BF00E /* Rockets.swift in Sources */,
				E7AD8F442A249278005BF00E /* AppDelegate.swift in Sources */,
				E7AD8F5B2A249315005BF00E /* APICaller.swift in Sources */,
				E7AD8F5D2A24B437005BF00E /* Launches.swift in Sources */,
				E7AD8F462A249278005BF00E /* SceneDelegate.swift in Sources */,
			);
			runOnlyForDeploymentPostprocessing = 0;
		};
/* End PBXSourcesBuildPhase section */

/* Begin PBXVariantGroup section */
		E7AD8F4E2A24927A005BF00E /* LaunchScreen.storyboard */ = {
			isa = PBXVariantGroup;
			children = (
				E7AD8F4F2A24927A005BF00E /* Base */,
			);
			name = LaunchScreen.storyboard;
			sourceTree = "<group>";
		};
/* End PBXVariantGroup section */

/* Begin XCBuildConfiguration section */
		E7AD8F522A24927A005BF00E /* Debug */ = {
			isa = XCBuildConfiguration;
			buildSettings = {
				ALWAYS_SEARCH_USER_PATHS = NO;
				CLANG_ANALYZER_NONNULL = YES;
				CLANG_ANALYZER_NUMBER_OBJECT_CONVERSION = YES_AGGRESSIVE;
				CLANG_CXX_LANGUAGE_STANDARD = "gnu++20";
				CLANG_ENABLE_MODULES = YES;
				CLANG_ENABLE_OBJC_ARC = YES;
				CLANG_ENABLE_OBJC_WEAK = YES;
				CLANG_WARN_BLOCK_CAPTURE_AUTORELEASING = YES;
				CLANG_WARN_BOOL_CONVERSION = YES;
				CLANG_WARN_COMMA = YES;
				CLANG_WARN_CONSTANT_CONVERSION = YES;
				CLANG_WARN_DEPRECATED_OBJC_IMPLEMENTATIONS = YES;
				CLANG_WARN_DIRECT_OBJC_ISA_USAGE = YES_ERROR;
				CLANG_WARN_DOCUMENTATION_COMMENTS = YES;
				CLANG_WARN_EMPTY_BODY = YES;
				CLANG_WARN_ENUM_CONVERSION = YES;
				CLANG_WARN_INFINITE_RECURSION = YES;
				CLANG_WARN_INT_CONVERSION = YES;
				CLANG_WARN_NON_LITERAL_NULL_CONVERSION = YES;
				CLANG_WARN_OBJC_IMPLICIT_RETAIN_SELF = YES;
				CLANG_WARN_OBJC_LITERAL_CONVERSION = YES;
				CLANG_WARN_OBJC_ROOT_CLASS = YES_ERROR;
				CLANG_WARN_QUOTED_INCLUDE_IN_FRAMEWORK_HEADER = YES;
				CLANG_WARN_RANGE_LOOP_ANALYSIS = YES;
				CLANG_WARN_STRICT_PROTOTYPES = YES;
				CLANG_WARN_SUSPICIOUS_MOVE = YES;
				CLANG_WARN_UNGUARDED_AVAILABILITY = YES_AGGRESSIVE;
				CLANG_WARN_UNREACHABLE_CODE = YES;
				CLANG_WARN__DUPLICATE_METHOD_MATCH = YES;
				COPY_PHASE_STRIP = NO;
				DEBUG_INFORMATION_FORMAT = dwarf;
				ENABLE_STRICT_OBJC_MSGSEND = YES;
				ENABLE_TESTABILITY = YES;
				GCC_C_LANGUAGE_STANDARD = gnu11;
				GCC_DYNAMIC_NO_PIC = NO;
				GCC_NO_COMMON_BLOCKS = YES;
				GCC_OPTIMIZATION_LEVEL = 0;
				GCC_PREPROCESSOR_DEFINITIONS = (
					"DEBUG=1",
					"$(inherited)",
				);
				GCC_WARN_64_TO_32_BIT_CONVERSION = YES;
				GCC_WARN_ABOUT_RETURN_TYPE = YES_ERROR;
				GCC_WARN_UNDECLARED_SELECTOR = YES;
				GCC_WARN_UNINITIALIZED_AUTOS = YES_AGGRESSIVE;
				GCC_WARN_UNUSED_FUNCTION = YES;
				GCC_WARN_UNUSED_VARIABLE = YES;
				IPHONEOS_DEPLOYMENT_TARGET = 16.4;
				MTL_ENABLE_DEBUG_INFO = INCLUDE_SOURCE;
				MTL_FAST_MATH = YES;
				ONLY_ACTIVE_ARCH = YES;
				SDKROOT = iphoneos;
				SWIFT_ACTIVE_COMPILATION_CONDITIONS = DEBUG;
				SWIFT_OPTIMIZATION_LEVEL = "-Onone";
			};
			name = Debug;
		};
		E7AD8F532A24927A005BF00E /* Release */ = {
			isa = XCBuildConfiguration;
			buildSettings = {
				ALWAYS_SEARCH_USER_PATHS = NO;
				CLANG_ANALYZER_NONNULL = YES;
				CLANG_ANALYZER_NUMBER_OBJECT_CONVERSION = YES_AGGRESSIVE;
				CLANG_CXX_LANGUAGE_STANDARD = "gnu++20";
				CLANG_ENABLE_MODULES = YES;
				CLANG_ENABLE_OBJC_ARC = YES;
				CLANG_ENABLE_OBJC_WEAK = YES;
				CLANG_WARN_BLOCK_CAPTURE_AUTORELEASING = YES;
				CLANG_WARN_BOOL_CONVERSION = YES;
				CLANG_WARN_COMMA = YES;
				CLANG_WARN_CONSTANT_CONVERSION = YES;
				CLANG_WARN_DEPRECATED_OBJC_IMPLEMENTATIONS = YES;
				CLANG_WARN_DIRECT_OBJC_ISA_USAGE = YES_ERROR;
				CLANG_WARN_DOCUMENTATION_COMMENTS = YES;
				CLANG_WARN_EMPTY_BODY = YES;
				CLANG_WARN_ENUM_CONVERSION = YES;
				CLANG_WARN_INFINITE_RECURSION = YES;
				CLANG_WARN_INT_CONVERSION = YES;
				CLANG_WARN_NON_LITERAL_NULL_CONVERSION = YES;
				CLANG_WARN_OBJC_IMPLICIT_RETAIN_SELF = YES;
				CLANG_WARN_OBJC_LITERAL_CONVERSION = YES;
				CLANG_WARN_OBJC_ROOT_CLASS = YES_ERROR;
				CLANG_WARN_QUOTED_INCLUDE_IN_FRAMEWORK_HEADER = YES;
				CLANG_WARN_RANGE_LOOP_ANALYSIS = YES;
				CLANG_WARN_STRICT_PROTOTYPES = YES;
				CLANG_WARN_SUSPICIOUS_MOVE = YES;
				CLANG_WARN_UNGUARDED_AVAILABILITY = YES_AGGRESSIVE;
				CLANG_WARN_UNREACHABLE_CODE = YES;
				CLANG_WARN__DUPLICATE_METHOD_MATCH = YES;
				COPY_PHASE_STRIP = NO;
				DEBUG_INFORMATION_FORMAT = "dwarf-with-dsym";
				ENABLE_NS_ASSERTIONS = NO;
				ENABLE_STRICT_OBJC_MSGSEND = YES;
				GCC_C_LANGUAGE_STANDARD = gnu11;
				GCC_NO_COMMON_BLOCKS = YES;
				GCC_WARN_64_TO_32_BIT_CONVERSION = YES;
				GCC_WARN_ABOUT_RETURN_TYPE = YES_ERROR;
				GCC_WARN_UNDECLARED_SELECTOR = YES;
				GCC_WARN_UNINITIALIZED_AUTOS = YES_AGGRESSIVE;
				GCC_WARN_UNUSED_FUNCTION = YES;
				GCC_WARN_UNUSED_VARIABLE = YES;
				IPHONEOS_DEPLOYMENT_TARGET = 16.4;
				MTL_ENABLE_DEBUG_INFO = NO;
				MTL_FAST_MATH = YES;
				SDKROOT = iphoneos;
				SWIFT_COMPILATION_MODE = wholemodule;
				SWIFT_OPTIMIZATION_LEVEL = "-O";
				VALIDATE_PRODUCT = YES;
			};
			name = Release;
		};
		E7AD8F552A24927A005BF00E /* Debug */ = {
			isa = XCBuildConfiguration;
			buildSettings = {
				ASSETCATALOG_COMPILER_APPICON_NAME = AppIcon;
				ASSETCATALOG_COMPILER_GLOBAL_ACCENT_COLOR_NAME = AccentColor;
				CODE_SIGN_STYLE = Automatic;
				CURRENT_PROJECT_VERSION = 1;
				DEVELOPMENT_TEAM = 34Y25UH26M;
				GENERATE_INFOPLIST_FILE = YES;
				INFOPLIST_FILE = SpaceXObserver/SupportingFiles/Info.plist;
				INFOPLIST_KEY_UIApplicationSupportsIndirectInputEvents = YES;
				INFOPLIST_KEY_UILaunchStoryboardName = LaunchScreen;
				INFOPLIST_KEY_UISupportedInterfaceOrientations_iPad = "UIInterfaceOrientationPortrait UIInterfaceOrientationPortraitUpsideDown UIInterfaceOrientationLandscapeLeft UIInterfaceOrientationLandscapeRight";
				INFOPLIST_KEY_UISupportedInterfaceOrientations_iPhone = "UIInterfaceOrientationPortrait UIInterfaceOrientationLandscapeLeft UIInterfaceOrientationLandscapeRight";
				LD_RUNPATH_SEARCH_PATHS = (
					"$(inherited)",
					"@executable_path/Frameworks",
				);
				MARKETING_VERSION = 1.0;
				PRODUCT_BUNDLE_IDENTIFIER = dev.berestnev.SpaceXObserver;
				PRODUCT_NAME = "$(TARGET_NAME)";
				SWIFT_EMIT_LOC_STRINGS = YES;
				SWIFT_VERSION = 5.0;
				TARGETED_DEVICE_FAMILY = "1,2";
			};
			name = Debug;
		};
		E7AD8F562A24927A005BF00E /* Release */ = {
			isa = XCBuildConfiguration;
			buildSettings = {
				ASSETCATALOG_COMPILER_APPICON_NAME = AppIcon;
				ASSETCATALOG_COMPILER_GLOBAL_ACCENT_COLOR_NAME = AccentColor;
				CODE_SIGN_STYLE = Automatic;
				CURRENT_PROJECT_VERSION = 1;
				DEVELOPMENT_TEAM = 34Y25UH26M;
				GENERATE_INFOPLIST_FILE = YES;
				INFOPLIST_FILE = SpaceXObserver/SupportingFiles/Info.plist;
				INFOPLIST_KEY_UIApplicationSupportsIndirectInputEvents = YES;
				INFOPLIST_KEY_UILaunchStoryboardName = LaunchScreen;
				INFOPLIST_KEY_UISupportedInterfaceOrientations_iPad = "UIInterfaceOrientationPortrait UIInterfaceOrientationPortraitUpsideDown UIInterfaceOrientationLandscapeLeft UIInterfaceOrientationLandscapeRight";
				INFOPLIST_KEY_UISupportedInterfaceOrientations_iPhone = "UIInterfaceOrientationPortrait UIInterfaceOrientationLandscapeLeft UIInterfaceOrientationLandscapeRight";
				LD_RUNPATH_SEARCH_PATHS = (
					"$(inherited)",
					"@executable_path/Frameworks",
				);
				MARKETING_VERSION = 1.0;
				PRODUCT_BUNDLE_IDENTIFIER = dev.berestnev.SpaceXObserver;
				PRODUCT_NAME = "$(TARGET_NAME)";
				SWIFT_EMIT_LOC_STRINGS = YES;
				SWIFT_VERSION = 5.0;
				TARGETED_DEVICE_FAMILY = "1,2";
			};
			name = Release;
		};
/* End XCBuildConfiguration section */

/* Begin XCConfigurationList section */
		E7AD8F3B2A249278005BF00E /* Build configuration list for PBXProject "SpaceXObserver" */ = {
			isa = XCConfigurationList;
			buildConfigurations = (
				E7AD8F522A24927A005BF00E /* Debug */,
				E7AD8F532A24927A005BF00E /* Release */,
			);
			defaultConfigurationIsVisible = 0;
			defaultConfigurationName = Release;
		};
		E7AD8F542A24927A005BF00E /* Build configuration list for PBXNativeTarget "SpaceXObserver" */ = {
			isa = XCConfigurationList;
			buildConfigurations = (
				E7AD8F552A24927A005BF00E /* Debug */,
				E7AD8F562A24927A005BF00E /* Release */,
			);
			defaultConfigurationIsVisible = 0;
			defaultConfigurationName = Release;
		};
/* End XCConfigurationList section */
	};
	rootObject = E7AD8F382A249278005BF00E /* Project object */;
}
